// !$*UTF8*$!
{
	archiveVersion = 1;
	classes = {
	};
	objectVersion = 50;
	objects = {

/* Begin PBXBuildFile section */
		114CA9E5217707F6009CAFD7 /* Login.storyboard in Resources */ = {isa = PBXBuildFile; fileRef = 114CA9E4217707F6009CAFD7 /* Login.storyboard */; };
		114CA9E921778C62009CAFD7 /* LoginViewController.swift in Sources */ = {isa = PBXBuildFile; fileRef = 114CA9E821778C62009CAFD7 /* LoginViewController.swift */; };
		118B153C217552FE00BF2E3C /* AppDelegate.swift in Sources */ = {isa = PBXBuildFile; fileRef = 118B153B217552FE00BF2E3C /* AppDelegate.swift */; };
		118B153E217552FE00BF2E3C /* ViewController.swift in Sources */ = {isa = PBXBuildFile; fileRef = 118B153D217552FE00BF2E3C /* ViewController.swift */; };
		118B1541217552FE00BF2E3C /* Main.storyboard in Resources */ = {isa = PBXBuildFile; fileRef = 118B153F217552FE00BF2E3C /* Main.storyboard */; };
		118B1543217552FF00BF2E3C /* Assets.xcassets in Resources */ = {isa = PBXBuildFile; fileRef = 118B1542217552FF00BF2E3C /* Assets.xcassets */; };
		118B1546217552FF00BF2E3C /* LaunchScreen.storyboard in Resources */ = {isa = PBXBuildFile; fileRef = 118B1544217552FF00BF2E3C /* LaunchScreen.storyboard */; };
		118B155921755CC000BF2E3C /* GoogleService-Info.plist in Resources */ = {isa = PBXBuildFile; fileRef = 118B155821755CC000BF2E3C /* GoogleService-Info.plist */; };
		8075FDEF92A88F6DF82913E7 /* Pods_Flyers.framework in Frameworks */ = {isa = PBXBuildFile; fileRef = 526A2938BF2380765C516F44 /* Pods_Flyers.framework */; };
/* End PBXBuildFile section */

/* Begin PBXFileReference section */
		114CA9E4217707F6009CAFD7 /* Login.storyboard */ = {isa = PBXFileReference; lastKnownFileType = file.storyboard; path = Login.storyboard; sourceTree = "<group>"; };
		114CA9E821778C62009CAFD7 /* LoginViewController.swift */ = {isa = PBXFileReference; lastKnownFileType = sourcecode.swift; path = LoginViewController.swift; sourceTree = "<group>"; };
		118B1538217552FE00BF2E3C /* Flyers.app */ = {isa = PBXFileReference; explicitFileType = wrapper.application; includeInIndex = 0; path = Flyers.app; sourceTree = BUILT_PRODUCTS_DIR; };
		118B153B217552FE00BF2E3C /* AppDelegate.swift */ = {isa = PBXFileReference; lastKnownFileType = sourcecode.swift; path = AppDelegate.swift; sourceTree = "<group>"; };
		118B153D217552FE00BF2E3C /* ViewController.swift */ = {isa = PBXFileReference; lastKnownFileType = sourcecode.swift; path = ViewController.swift; sourceTree = "<group>"; };
		118B1540217552FE00BF2E3C /* Base */ = {isa = PBXFileReference; lastKnownFileType = file.storyboard; name = Base; path = Base.lproj/Main.storyboard; sourceTree = "<group>"; };
		118B1542217552FF00BF2E3C /* Assets.xcassets */ = {isa = PBXFileReference; lastKnownFileType = folder.assetcatalog; path = Assets.xcassets; sourceTree = "<group>"; };
		118B1545217552FF00BF2E3C /* Base */ = {isa = PBXFileReference; lastKnownFileType = file.storyboard; name = Base; path = Base.lproj/LaunchScreen.storyboard; sourceTree = "<group>"; };
		118B1547217552FF00BF2E3C /* Info.plist */ = {isa = PBXFileReference; lastKnownFileType = text.plist.xml; path = Info.plist; sourceTree = "<group>"; };
		118B155821755CC000BF2E3C /* GoogleService-Info.plist */ = {isa = PBXFileReference; fileEncoding = 4; lastKnownFileType = text.plist.xml; path = "GoogleService-Info.plist"; sourceTree = "<group>"; };
		2C6F269F30FFF9CB0EACA8DC /* Pods-Flyers.debug.xcconfig */ = {isa = PBXFileReference; includeInIndex = 1; lastKnownFileType = text.xcconfig; name = "Pods-Flyers.debug.xcconfig"; path = "Pods/Target Support Files/Pods-Flyers/Pods-Flyers.debug.xcconfig"; sourceTree = "<group>"; };
		526A2938BF2380765C516F44 /* Pods_Flyers.framework */ = {isa = PBXFileReference; explicitFileType = wrapper.framework; includeInIndex = 0; path = Pods_Flyers.framework; sourceTree = BUILT_PRODUCTS_DIR; };
		81DB2B76B906FAE5EACB755F /* Pods-Flyers.release.xcconfig */ = {isa = PBXFileReference; includeInIndex = 1; lastKnownFileType = text.xcconfig; name = "Pods-Flyers.release.xcconfig"; path = "Pods/Target Support Files/Pods-Flyers/Pods-Flyers.release.xcconfig"; sourceTree = "<group>"; };
/* End PBXFileReference section */

/* Begin PBXFrameworksBuildPhase section */
		118B1535217552FE00BF2E3C /* Frameworks */ = {
			isa = PBXFrameworksBuildPhase;
			buildActionMask = 2147483647;
			files = (
				8075FDEF92A88F6DF82913E7 /* Pods_Flyers.framework in Frameworks */,
			);
			runOnlyForDeploymentPostprocessing = 0;
		};
/* End PBXFrameworksBuildPhase section */

/* Begin PBXGroup section */
		118B152F217552FE00BF2E3C = {
			isa = PBXGroup;
			children = (
				118B153A217552FE00BF2E3C /* Flyers */,
				118B1539217552FE00BF2E3C /* Products */,
				A07DAB44B60758C1E492CFCF /* Pods */,
				6B15A137D21264206FDD5B12 /* Frameworks */,
			);
			sourceTree = "<group>";
		};
		118B1539217552FE00BF2E3C /* Products */ = {
			isa = PBXGroup;
			children = (
				118B1538217552FE00BF2E3C /* Flyers.app */,
			);
			name = Products;
			sourceTree = "<group>";
		};
		118B153A217552FE00BF2E3C /* Flyers */ = {
			isa = PBXGroup;
			children = (
				118B153B217552FE00BF2E3C /* AppDelegate.swift */,
				118B1557217559F000BF2E3C /* Supporting Files */,
				118B15562175594100BF2E3C /* Views */,
				118B15542175592300BF2E3C /* Storyboards */,
				118B15532175591900BF2E3C /* Services */,
				118B15522175591100BF2E3C /* Models */,
				118B15512175590500BF2E3C /* Helpers */,
				118B1550217558F400BF2E3C /* Extensions */,
				118B154F2175589B00BF2E3C /* Controllers */,
				118B1542217552FF00BF2E3C /* Assets.xcassets */,
			);
			path = Flyers;
			sourceTree = "<group>";
		};
		118B154F2175589B00BF2E3C /* Controllers */ = {
			isa = PBXGroup;
			children = (
				118B153D217552FE00BF2E3C /* ViewController.swift */,
				114CA9E821778C62009CAFD7 /* LoginViewController.swift */,
			);
			path = Controllers;
			sourceTree = "<group>";
		};
		118B1550217558F400BF2E3C /* Extensions */ = {
			isa = PBXGroup;
			children = (
			);
			path = Extensions;
			sourceTree = "<group>";
		};
		118B15512175590500BF2E3C /* Helpers */ = {
			isa = PBXGroup;
			children = (
			);
			path = Helpers;
			sourceTree = "<group>";
		};
		118B15522175591100BF2E3C /* Models */ = {
			isa = PBXGroup;
			children = (
			);
			path = Models;
			sourceTree = "<group>";
		};
		118B15532175591900BF2E3C /* Services */ = {
			isa = PBXGroup;
			children = (
			);
			path = Services;
			sourceTree = "<group>";
		};
		118B15542175592300BF2E3C /* Storyboards */ = {
			isa = PBXGroup;
			children = (
				118B1544217552FF00BF2E3C /* LaunchScreen.storyboard */,
				118B153F217552FE00BF2E3C /* Main.storyboard */,
				114CA9E4217707F6009CAFD7 /* Login.storyboard */,
			);
			path = Storyboards;
			sourceTree = "<group>";
		};
		118B15562175594100BF2E3C /* Views */ = {
			isa = PBXGroup;
			children = (
			);
			path = Views;
			sourceTree = "<group>";
		};
		118B1557217559F000BF2E3C /* Supporting Files */ = {
			isa = PBXGroup;
			children = (
				118B155821755CC000BF2E3C /* GoogleService-Info.plist */,
				118B1547217552FF00BF2E3C /* Info.plist */,
			);
			path = "Supporting Files";
			sourceTree = "<group>";
		};
		6B15A137D21264206FDD5B12 /* Frameworks */ = {
			isa = PBXGroup;
			children = (
				526A2938BF2380765C516F44 /* Pods_Flyers.framework */,
			);
			name = Frameworks;
			sourceTree = "<group>";
		};
		A07DAB44B60758C1E492CFCF /* Pods */ = {
			isa = PBXGroup;
			children = (
				2C6F269F30FFF9CB0EACA8DC /* Pods-Flyers.debug.xcconfig */,
				81DB2B76B906FAE5EACB755F /* Pods-Flyers.release.xcconfig */,
			);
			name = Pods;
			sourceTree = "<group>";
		};
/* End PBXGroup section */

/* Begin PBXNativeTarget section */
		118B1537217552FE00BF2E3C /* Flyers */ = {
			isa = PBXNativeTarget;
			buildConfigurationList = 118B154A217552FF00BF2E3C /* Build configuration list for PBXNativeTarget "Flyers" */;
			buildPhases = (
				E94E90F67CF5E12D9CE6C568 /* [CP] Check Pods Manifest.lock */,
				118B1534217552FE00BF2E3C /* Sources */,
				118B1535217552FE00BF2E3C /* Frameworks */,
				118B1536217552FE00BF2E3C /* Resources */,
				97FA80D4A9A00631ED4FCFD4 /* [CP] Embed Pods Frameworks */,
				0FA932EE8813DCC7E49785DB /* [CP] Copy Pods Resources */,
			);
			buildRules = (
			);
			dependencies = (
			);
			name = Flyers;
			productName = Flyers;
			productReference = 118B1538217552FE00BF2E3C /* Flyers.app */;
			productType = "com.apple.product-type.application";
		};
/* End PBXNativeTarget section */

/* Begin PBXProject section */
		118B1530217552FE00BF2E3C /* Project object */ = {
			isa = PBXProject;
			attributes = {
				LastSwiftUpdateCheck = 1000;
				LastUpgradeCheck = 1000;
				ORGANIZATIONNAME = "Fodé Diop";
				TargetAttributes = {
					118B1537217552FE00BF2E3C = {
						CreatedOnToolsVersion = 10.0;
					};
				};
			};
			buildConfigurationList = 118B1533217552FE00BF2E3C /* Build configuration list for PBXProject "Flyers" */;
			compatibilityVersion = "Xcode 9.3";
			developmentRegion = en;
			hasScannedForEncodings = 0;
			knownRegions = (
				en,
				Base,
			);
			mainGroup = 118B152F217552FE00BF2E3C;
			productRefGroup = 118B1539217552FE00BF2E3C /* Products */;
			projectDirPath = "";
			projectRoot = "";
			targets = (
				118B1537217552FE00BF2E3C /* Flyers */,
			);
		};
/* End PBXProject section */

/* Begin PBXResourcesBuildPhase section */
		118B1536217552FE00BF2E3C /* Resources */ = {
			isa = PBXResourcesBuildPhase;
			buildActionMask = 2147483647;
			files = (
				118B1546217552FF00BF2E3C /* LaunchScreen.storyboard in Resources */,
				118B155921755CC000BF2E3C /* GoogleService-Info.plist in Resources */,
				118B1543217552FF00BF2E3C /* Assets.xcassets in Resources */,
				114CA9E5217707F6009CAFD7 /* Login.storyboard in Resources */,
				118B1541217552FE00BF2E3C /* Main.storyboard in Resources */,
			);
			runOnlyForDeploymentPostprocessing = 0;
		};
/* End PBXResourcesBuildPhase section */

/* Begin PBXShellScriptBuildPhase section */
		0FA932EE8813DCC7E49785DB /* [CP] Copy Pods Resources */ = {
			isa = PBXShellScriptBuildPhase;
			buildActionMask = 2147483647;
			files = (
			);
			inputFileListPaths = (
			);
			inputPaths = (
				"${SRCROOT}/Pods/Target Support Files/Pods-Flyers/Pods-Flyers-resources.sh",
				"${PODS_CONFIGURATION_BUILD_DIR}/FirebaseUI/FirebaseAuthUI.bundle",
			);
			name = "[CP] Copy Pods Resources";
			outputFileListPaths = (
			);
			outputPaths = (
				"${TARGET_BUILD_DIR}/${UNLOCALIZED_RESOURCES_FOLDER_PATH}/FirebaseAuthUI.bundle",
			);
			runOnlyForDeploymentPostprocessing = 0;
			shellPath = /bin/sh;
			shellScript = "\"${SRCROOT}/Pods/Target Support Files/Pods-Flyers/Pods-Flyers-resources.sh\"\n";
			showEnvVarsInLog = 0;
		};
		97FA80D4A9A00631ED4FCFD4 /* [CP] Embed Pods Frameworks */ = {
			isa = PBXShellScriptBuildPhase;
			buildActionMask = 2147483647;
			files = (
			);
			inputFileListPaths = (
			);
			inputPaths = (
				"${SRCROOT}/Pods/Target Support Files/Pods-Flyers/Pods-Flyers-frameworks.sh",
				"${BUILT_PRODUCTS_DIR}/GTMSessionFetcher/GTMSessionFetcher.framework",
				"${BUILT_PRODUCTS_DIR}/GoogleUtilities/GoogleUtilities.framework",
				"${BUILT_PRODUCTS_DIR}/leveldb-library/leveldb.framework",
				"${BUILT_PRODUCTS_DIR}/nanopb/nanopb.framework",
			);
			name = "[CP] Embed Pods Frameworks";
			outputFileListPaths = (
			);
			outputPaths = (
				"${TARGET_BUILD_DIR}/${FRAMEWORKS_FOLDER_PATH}/GTMSessionFetcher.framework",
				"${TARGET_BUILD_DIR}/${FRAMEWORKS_FOLDER_PATH}/GoogleUtilities.framework",
				"${TARGET_BUILD_DIR}/${FRAMEWORKS_FOLDER_PATH}/leveldb.framework",
				"${TARGET_BUILD_DIR}/${FRAMEWORKS_FOLDER_PATH}/nanopb.framework",
			);
			runOnlyForDeploymentPostprocessing = 0;
			shellPath = /bin/sh;
			shellScript = "\"${SRCROOT}/Pods/Target Support Files/Pods-Flyers/Pods-Flyers-frameworks.sh\"\n";
			showEnvVarsInLog = 0;
		};
		E94E90F67CF5E12D9CE6C568 /* [CP] Check Pods Manifest.lock */ = {
			isa = PBXShellScriptBuildPhase;
			buildActionMask = 2147483647;
			files = (
			);
			inputFileListPaths = (
			);
			inputPaths = (
				"${PODS_PODFILE_DIR_PATH}/Podfile.lock",
				"${PODS_ROOT}/Manifest.lock",
			);
			name = "[CP] Check Pods Manifest.lock";
			outputFileListPaths = (
			);
			outputPaths = (
				"$(DERIVED_FILE_DIR)/Pods-Flyers-checkManifestLockResult.txt",
			);
			runOnlyForDeploymentPostprocessing = 0;
			shellPath = /bin/sh;
			shellScript = "diff \"${PODS_PODFILE_DIR_PATH}/Podfile.lock\" \"${PODS_ROOT}/Manifest.lock\" > /dev/null\nif [ $? != 0 ] ; then\n    # print error to STDERR\n    echo \"error: The sandbox is not in sync with the Podfile.lock. Run 'pod install' or update your CocoaPods installation.\" >&2\n    exit 1\nfi\n# This output is used by Xcode 'outputs' to avoid re-running this script phase.\necho \"SUCCESS\" > \"${SCRIPT_OUTPUT_FILE_0}\"\n";
			showEnvVarsInLog = 0;
		};
/* End PBXShellScriptBuildPhase section */

/* Begin PBXSourcesBuildPhase section */
		118B1534217552FE00BF2E3C /* Sources */ = {
			isa = PBXSourcesBuildPhase;
			buildActionMask = 2147483647;
			files = (
				114CA9E921778C62009CAFD7 /* LoginViewController.swift in Sources */,
				118B153E217552FE00BF2E3C /* ViewController.swift in Sources */,
				118B153C217552FE00BF2E3C /* AppDelegate.swift in Sources */,
			);
			runOnlyForDeploymentPostprocessing = 0;
		};
/* End PBXSourcesBuildPhase section */

/* Begin PBXVariantGroup section */
		118B153F217552FE00BF2E3C /* Main.storyboard */ = {
			isa = PBXVariantGroup;
			children = (
				118B1540217552FE00BF2E3C /* Base */,
			);
			name = Main.storyboard;
			sourceTree = "<group>";
		};
		118B1544217552FF00BF2E3C /* LaunchScreen.storyboard */ = {
			isa = PBXVariantGroup;
			children = (
				118B1545217552FF00BF2E3C /* Base */,
			);
			name = LaunchScreen.storyboard;
			sourceTree = "<group>";
		};
/* End PBXVariantGroup section */

/* Begin XCBuildConfiguration section */
		118B1548217552FF00BF2E3C /* Debug */ = {
			isa = XCBuildConfiguration;
			buildSettings = {
				ALWAYS_SEARCH_USER_PATHS = NO;
				CLANG_ANALYZER_NONNULL = YES;
				CLANG_ANALYZER_NUMBER_OBJECT_CONVERSION = YES_AGGRESSIVE;
				CLANG_CXX_LANGUAGE_STANDARD = "gnu++14";
				CLANG_CXX_LIBRARY = "libc++";
				CLANG_ENABLE_MODULES = YES;
				CLANG_ENABLE_OBJC_ARC = YES;
				CLANG_ENABLE_OBJC_WEAK = YES;
				CLANG_WARN_BLOCK_CAPTURE_AUTORELEASING = YES;
				CLANG_WARN_BOOL_CONVERSION = YES;
				CLANG_WARN_COMMA = YES;
				CLANG_WARN_CONSTANT_CONVERSION = YES;
				CLANG_WARN_DEPRECATED_OBJC_IMPLEMENTATIONS = YES;
				CLANG_WARN_DIRECT_OBJC_ISA_USAGE = YES_ERROR;
				CLANG_WARN_DOCUMENTATION_COMMENTS = YES;
				CLANG_WARN_EMPTY_BODY = YES;
				CLANG_WARN_ENUM_CONVERSION = YES;
				CLANG_WARN_INFINITE_RECURSION = YES;
				CLANG_WARN_INT_CONVERSION = YES;
				CLANG_WARN_NON_LITERAL_NULL_CONVERSION = YES;
				CLANG_WARN_OBJC_IMPLICIT_RETAIN_SELF = YES;
				CLANG_WARN_OBJC_LITERAL_CONVERSION = YES;
				CLANG_WARN_OBJC_ROOT_CLASS = YES_ERROR;
				CLANG_WARN_RANGE_LOOP_ANALYSIS = YES;
				CLANG_WARN_STRICT_PROTOTYPES = YES;
				CLANG_WARN_SUSPICIOUS_MOVE = YES;
				CLANG_WARN_UNGUARDED_AVAILABILITY = YES_AGGRESSIVE;
				CLANG_WARN_UNREACHABLE_CODE = YES;
				CLANG_WARN__DUPLICATE_METHOD_MATCH = YES;
				CODE_SIGN_IDENTITY = "iPhone Developer";
				COPY_PHASE_STRIP = NO;
				DEBUG_INFORMATION_FORMAT = dwarf;
				ENABLE_STRICT_OBJC_MSGSEND = YES;
				ENABLE_TESTABILITY = YES;
				GCC_C_LANGUAGE_STANDARD = gnu11;
				GCC_DYNAMIC_NO_PIC = NO;
				GCC_NO_COMMON_BLOCKS = YES;
				GCC_OPTIMIZATION_LEVEL = 0;
				GCC_PREPROCESSOR_DEFINITIONS = (
					"DEBUG=1",
					"$(inherited)",
				);
				GCC_WARN_64_TO_32_BIT_CONVERSION = YES;
				GCC_WARN_ABOUT_RETURN_TYPE = YES_ERROR;
				GCC_WARN_UNDECLARED_SELECTOR = YES;
				GCC_WARN_UNINITIALIZED_AUTOS = YES_AGGRESSIVE;
				GCC_WARN_UNUSED_FUNCTION = YES;
				GCC_WARN_UNUSED_VARIABLE = YES;
				IPHONEOS_DEPLOYMENT_TARGET = 12.0;
				MTL_ENABLE_DEBUG_INFO = INCLUDE_SOURCE;
				MTL_FAST_MATH = YES;
				ONLY_ACTIVE_ARCH = YES;
				SDKROOT = iphoneos;
				SWIFT_ACTIVE_COMPILATION_CONDITIONS = DEBUG;
				SWIFT_OPTIMIZATION_LEVEL = "-Onone";
			};
			name = Debug;
		};
		118B1549217552FF00BF2E3C /* Release */ = {
			isa = XCBuildConfiguration;
			buildSettings = {
				ALWAYS_SEARCH_USER_PATHS = NO;
				CLANG_ANALYZER_NONNULL = YES;
				CLANG_ANALYZER_NUMBER_OBJECT_CONVERSION = YES_AGGRESSIVE;
				CLANG_CXX_LANGUAGE_STANDARD = "gnu++14";
				CLANG_CXX_LIBRARY = "libc++";
				CLANG_ENABLE_MODULES = YES;
				CLANG_ENABLE_OBJC_ARC = YES;
				CLANG_ENABLE_OBJC_WEAK = YES;
				CLANG_WARN_BLOCK_CAPTURE_AUTORELEASING = YES;
				CLANG_WARN_BOOL_CONVERSION = YES;
				CLANG_WARN_COMMA = YES;
				CLANG_WARN_CONSTANT_CONVERSION = YES;
				CLANG_WARN_DEPRECATED_OBJC_IMPLEMENTATIONS = YES;
				CLANG_WARN_DIRECT_OBJC_ISA_USAGE = YES_ERROR;
				CLANG_WARN_DOCUMENTATION_COMMENTS = YES;
				CLANG_WARN_EMPTY_BODY = YES;
				CLANG_WARN_ENUM_CONVERSION = YES;
				CLANG_WARN_INFINITE_RECURSION = YES;
				CLANG_WARN_INT_CONVERSION = YES;
				CLANG_WARN_NON_LITERAL_NULL_CONVERSION = YES;
				CLANG_WARN_OBJC_IMPLICIT_RETAIN_SELF = YES;
				CLANG_WARN_OBJC_LITERAL_CONVERSION = YES;
				CLANG_WARN_OBJC_ROOT_CLASS = YES_ERROR;
				CLANG_WARN_RANGE_LOOP_ANALYSIS = YES;
				CLANG_WARN_STRICT_PROTOTYPES = YES;
				CLANG_WARN_SUSPICIOUS_MOVE = YES;
				CLANG_WARN_UNGUARDED_AVAILABILITY = YES_AGGRESSIVE;
				CLANG_WARN_UNREACHABLE_CODE = YES;
				CLANG_WARN__DUPLICATE_METHOD_MATCH = YES;
				CODE_SIGN_IDENTITY = "iPhone Developer";
				COPY_PHASE_STRIP = NO;
				DEBUG_INFORMATION_FORMAT = "dwarf-with-dsym";
				ENABLE_NS_ASSERTIONS = NO;
				ENABLE_STRICT_OBJC_MSGSEND = YES;
				GCC_C_LANGUAGE_STANDARD = gnu11;
				GCC_NO_COMMON_BLOCKS = YES;
				GCC_WARN_64_TO_32_BIT_CONVERSION = YES;
				GCC_WARN_ABOUT_RETURN_TYPE = YES_ERROR;
				GCC_WARN_UNDECLARED_SELECTOR = YES;
				GCC_WARN_UNINITIALIZED_AUTOS = YES_AGGRESSIVE;
				GCC_WARN_UNUSED_FUNCTION = YES;
				GCC_WARN_UNUSED_VARIABLE = YES;
				IPHONEOS_DEPLOYMENT_TARGET = 12.0;
				MTL_ENABLE_DEBUG_INFO = NO;
				MTL_FAST_MATH = YES;
				SDKROOT = iphoneos;
				SWIFT_COMPILATION_MODE = wholemodule;
				SWIFT_OPTIMIZATION_LEVEL = "-O";
				VALIDATE_PRODUCT = YES;
			};
			name = Release;
		};
		118B154B217552FF00BF2E3C /* Debug */ = {
			isa = XCBuildConfiguration;
			baseConfigurationReference = 2C6F269F30FFF9CB0EACA8DC /* Pods-Flyers.debug.xcconfig */;
			buildSettings = {
				ASSETCATALOG_COMPILER_APPICON_NAME = AppIcon;
				CODE_SIGN_STYLE = Automatic;
				DEVELOPMENT_TEAM = HA9KWA3DF4;
				INFOPLIST_FILE = "$(SRCROOT)/Flyers/Supporting Files/Info.plist";
				LD_RUNPATH_SEARCH_PATHS = (
					"$(inherited)",
					"@executable_path/Frameworks",
				);
				PRODUCT_BUNDLE_IDENTIFIER = ai.flyers.Flyers;
				PRODUCT_NAME = "$(TARGET_NAME)";
				SWIFT_VERSION = 4.2;
				TARGETED_DEVICE_FAMILY = "1,2";
			};
			name = Debug;
		};
		118B154C217552FF00BF2E3C /* Release */ = {
			isa = XCBuildConfiguration;
			baseConfigurationReference = 81DB2B76B906FAE5EACB755F /* Pods-Flyers.release.xcconfig */;
			buildSettings = {
				ASSETCATALOG_COMPILER_APPICON_NAME = AppIcon;
				CODE_SIGN_STYLE = Automatic;
				DEVELOPMENT_TEAM = HA9KWA3DF4;
				INFOPLIST_FILE = "$(SRCROOT)/Flyers/Supporting Files/Info.plist";
				LD_RUNPATH_SEARCH_PATHS = (
					"$(inherited)",
					"@executable_path/Frameworks",
				);
				PRODUCT_BUNDLE_IDENTIFIER = ai.flyers.Flyers;
				PRODUCT_NAME = "$(TARGET_NAME)";
				SWIFT_VERSION = 4.2;
				TARGETED_DEVICE_FAMILY = "1,2";
			};
			name = Release;
		};
/* End XCBuildConfiguration section */

/* Begin XCConfigurationList section */
		118B1533217552FE00BF2E3C /* Build configuration list for PBXProject "Flyers" */ = {
			isa = XCConfigurationList;
			buildConfigurations = (
				118B1548217552FF00BF2E3C /* Debug */,
				118B1549217552FF00BF2E3C /* Release */,
			);
			defaultConfigurationIsVisible = 0;
			defaultConfigurationName = Release;
		};
		118B154A217552FF00BF2E3C /* Build configuration list for PBXNativeTarget "Flyers" */ = {
			isa = XCConfigurationList;
			buildConfigurations = (
				118B154B217552FF00BF2E3C /* Debug */,
				118B154C217552FF00BF2E3C /* Release */,
			);
			defaultConfigurationIsVisible = 0;
			defaultConfigurationName = Release;
		};
/* End XCConfigurationList section */
	};
	rootObject = 118B1530217552FE00BF2E3C /* Project object */;
}
